// !$*UTF8*$!
{
	archiveVersion = 1;
	classes = {
	};
	objectVersion = 50;
	objects = {

/* Begin PBXBuildFile section */
		DF49DFD024B21A92002F377B /* Array+Only.swift in Sources */ = {isa = PBXBuildFile; fileRef = DF49DFCF24B21A92002F377B /* Array+Only.swift */; };
		DF55424C2483963400455FE5 /* AppDelegate.swift in Sources */ = {isa = PBXBuildFile; fileRef = DF55424B2483963400455FE5 /* AppDelegate.swift */; };
		DF55424E2483963400455FE5 /* SceneDelegate.swift in Sources */ = {isa = PBXBuildFile; fileRef = DF55424D2483963400455FE5 /* SceneDelegate.swift */; };
		DF5542502483963500455FE5 /* EmojiMemoryGameView.swift in Sources */ = {isa = PBXBuildFile; fileRef = DF55424F2483963500455FE5 /* EmojiMemoryGameView.swift */; };
		DF5542522483963600455FE5 /* Assets.xcassets in Resources */ = {isa = PBXBuildFile; fileRef = DF5542512483963600455FE5 /* Assets.xcassets */; };
		DF5542552483963600455FE5 /* Preview Assets.xcassets in Resources */ = {isa = PBXBuildFile; fileRef = DF5542542483963600455FE5 /* Preview Assets.xcassets */; };
		DF5542582483963600455FE5 /* LaunchScreen.storyboard in Resources */ = {isa = PBXBuildFile; fileRef = DF5542562483963600455FE5 /* LaunchScreen.storyboard */; };
		DF5542602483AECE00455FE5 /* MemoryGame.swift in Sources */ = {isa = PBXBuildFile; fileRef = DF55425F2483AECE00455FE5 /* MemoryGame.swift */; };
		DF5542622483B10000455FE5 /* EmojiMemoryGame.swift in Sources */ = {isa = PBXBuildFile; fileRef = DF5542612483B10000455FE5 /* EmojiMemoryGame.swift */; };
		DFBEE3EB2495CBE3007348AD /* Grid.swift in Sources */ = {isa = PBXBuildFile; fileRef = DFBEE3EA2495CBE3007348AD /* Grid.swift */; };
		DFBEE3EF2495EAC4007348AD /* GridLayout.swift in Sources */ = {isa = PBXBuildFile; fileRef = DFBEE3EE2495EAC4007348AD /* GridLayout.swift */; };
		DFBEE3F12495EE7E007348AD /* Array+Indentifiable.swift in Sources */ = {isa = PBXBuildFile; fileRef = DFBEE3F02495EE7E007348AD /* Array+Indentifiable.swift */; };
/* End PBXBuildFile section */

/* Begin PBXFileReference section */
		DF49DFCF24B21A92002F377B /* Array+Only.swift */ = {isa = PBXFileReference; lastKnownFileType = sourcecode.swift; path = "Array+Only.swift"; sourceTree = "<group>"; };
		DF5542482483963400455FE5 /* Memorize.app */ = {isa = PBXFileReference; explicitFileType = wrapper.application; includeInIndex = 0; path = Memorize.app; sourceTree = BUILT_PRODUCTS_DIR; };
		DF55424B2483963400455FE5 /* AppDelegate.swift */ = {isa = PBXFileReference; lastKnownFileType = sourcecode.swift; path = AppDelegate.swift; sourceTree = "<group>"; };
		DF55424D2483963400455FE5 /* SceneDelegate.swift */ = {isa = PBXFileReference; lastKnownFileType = sourcecode.swift; path = SceneDelegate.swift; sourceTree = "<group>"; };
		DF55424F2483963500455FE5 /* EmojiMemoryGameView.swift */ = {isa = PBXFileReference; lastKnownFileType = sourcecode.swift; path = EmojiMemoryGameView.swift; sourceTree = "<group>"; };
		DF5542512483963600455FE5 /* Assets.xcassets */ = {isa = PBXFileReference; lastKnownFileType = folder.assetcatalog; path = Assets.xcassets; sourceTree = "<group>"; };
		DF5542542483963600455FE5 /* Preview Assets.xcassets */ = {isa = PBXFileReference; lastKnownFileType = folder.assetcatalog; path = "Preview Assets.xcassets"; sourceTree = "<group>"; };
		DF5542572483963600455FE5 /* Base */ = {isa = PBXFileReference; lastKnownFileType = file.storyboard; name = Base; path = Base.lproj/LaunchScreen.storyboard; sourceTree = "<group>"; };
		DF5542592483963600455FE5 /* Info.plist */ = {isa = PBXFileReference; lastKnownFileType = text.plist.xml; path = Info.plist; sourceTree = "<group>"; };
		DF55425F2483AECE00455FE5 /* MemoryGame.swift */ = {isa = PBXFileReference; lastKnownFileType = sourcecode.swift; path = MemoryGame.swift; sourceTree = "<group>"; };
		DF5542612483B10000455FE5 /* EmojiMemoryGame.swift */ = {isa = PBXFileReference; lastKnownFileType = sourcecode.swift; path = EmojiMemoryGame.swift; sourceTree = "<group>"; };
		DFBEE3EA2495CBE3007348AD /* Grid.swift */ = {isa = PBXFileReference; lastKnownFileType = sourcecode.swift; path = Grid.swift; sourceTree = "<group>"; };
		DFBEE3EE2495EAC4007348AD /* GridLayout.swift */ = {isa = PBXFileReference; fileEncoding = 4; lastKnownFileType = sourcecode.swift; path = GridLayout.swift; sourceTree = "<group>"; };
		DFBEE3F02495EE7E007348AD /* Array+Indentifiable.swift */ = {isa = PBXFileReference; lastKnownFileType = sourcecode.swift; path = "Array+Indentifiable.swift"; sourceTree = "<group>"; };
/* End PBXFileReference section */

/* Begin PBXFrameworksBuildPhase section */
		DF5542452483963400455FE5 /* Frameworks */ = {
			isa = PBXFrameworksBuildPhase;
			buildActionMask = 2147483647;
			files = (
			);
			runOnlyForDeploymentPostprocessing = 0;
		};
/* End PBXFrameworksBuildPhase section */

/* Begin PBXGroup section */
		DF55423F2483963400455FE5 = {
			isa = PBXGroup;
			children = (
				DF55424A2483963400455FE5 /* Memorize */,
				DF5542492483963400455FE5 /* Products */,
			);
			sourceTree = "<group>";
		};
		DF5542492483963400455FE5 /* Products */ = {
			isa = PBXGroup;
			children = (
				DF5542482483963400455FE5 /* Memorize.app */,
			);
			name = Products;
			sourceTree = "<group>";
		};
		DF55424A2483963400455FE5 /* Memorize */ = {
			isa = PBXGroup;
			children = (
				DFBEE3EA2495CBE3007348AD /* Grid.swift */,
				DFBEE3F02495EE7E007348AD /* Array+Indentifiable.swift */,
				DFBEE3EE2495EAC4007348AD /* GridLayout.swift */,
				DF55424B2483963400455FE5 /* AppDelegate.swift */,
				DF55424D2483963400455FE5 /* SceneDelegate.swift */,
				DF55424F2483963500455FE5 /* EmojiMemoryGameView.swift */,
				DF5542612483B10000455FE5 /* EmojiMemoryGame.swift */,
				DF55425F2483AECE00455FE5 /* MemoryGame.swift */,
				DF49DFCF24B21A92002F377B /* Array+Only.swift */,
				DF5542512483963600455FE5 /* Assets.xcassets */,
				DF5542562483963600455FE5 /* LaunchScreen.storyboard */,
				DF5542592483963600455FE5 /* Info.plist */,
				DF5542532483963600455FE5 /* Preview Content */,
			);
			path = Memorize;
			sourceTree = "<group>";
		};
		DF5542532483963600455FE5 /* Preview Content */ = {
			isa = PBXGroup;
			children = (
				DF5542542483963600455FE5 /* Preview Assets.xcassets */,
			);
			path = "Preview Content";
			sourceTree = "<group>";
		};
/* End PBXGroup section */

/* Begin PBXNativeTarget section */
		DF5542472483963400455FE5 /* Memorize */ = {
			isa = PBXNativeTarget;
			buildConfigurationList = DF55425C2483963600455FE5 /* Build configuration list for PBXNativeTarget "Memorize" */;
			buildPhases = (
				DF5542442483963400455FE5 /* Sources */,
				DF5542452483963400455FE5 /* Frameworks */,
				DF5542462483963400455FE5 /* Resources */,
			);
			buildRules = (
			);
			dependencies = (
			);
			name = Memorize;
			productName = Memorize;
			productReference = DF5542482483963400455FE5 /* Memorize.app */;
			productType = "com.apple.product-type.application";
		};
/* End PBXNativeTarget section */

/* Begin PBXProject section */
		DF5542402483963400455FE5 /* Project object */ = {
			isa = PBXProject;
			attributes = {
				LastSwiftUpdateCheck = 1130;
				LastUpgradeCheck = 1130;
				ORGANIZATIONNAME = "HauTen Lee";
				TargetAttributes = {
					DF5542472483963400455FE5 = {
						CreatedOnToolsVersion = 11.3;
					};
				};
			};
			buildConfigurationList = DF5542432483963400455FE5 /* Build configuration list for PBXProject "Memorize" */;
			compatibilityVersion = "Xcode 9.3";
			developmentRegion = en;
			hasScannedForEncodings = 0;
			knownRegions = (
				en,
				Base,
			);
			mainGroup = DF55423F2483963400455FE5;
			productRefGroup = DF5542492483963400455FE5 /* Products */;
			projectDirPath = "";
			projectRoot = "";
			targets = (
				DF5542472483963400455FE5 /* Memorize */,
			);
		};
/* End PBXProject section */

/* Begin PBXResourcesBuildPhase section */
		DF5542462483963400455FE5 /* Resources */ = {
			isa = PBXResourcesBuildPhase;
			buildActionMask = 2147483647;
			files = (
				DF5542582483963600455FE5 /* LaunchScreen.storyboard in Resources */,
				DF5542552483963600455FE5 /* Preview Assets.xcassets in Resources */,
				DF5542522483963600455FE5 /* Assets.xcassets in Resources */,
			);
			runOnlyForDeploymentPostprocessing = 0;
		};
/* End PBXResourcesBuildPhase section */

/* Begin PBXSourcesBuildPhase section */
		DF5542442483963400455FE5 /* Sources */ = {
			isa = PBXSourcesBuildPhase;
			buildActionMask = 2147483647;
			files = (
				DF55424C2483963400455FE5 /* AppDelegate.swift in Sources */,
				DF55424E2483963400455FE5 /* SceneDelegate.swift in Sources */,
				DFBEE3EB2495CBE3007348AD /* Grid.swift in Sources */,
				DF49DFD024B21A92002F377B /* Array+Only.swift in Sources */,
				DF5542602483AECE00455FE5 /* MemoryGame.swift in Sources */,
				DFBEE3F12495EE7E007348AD /* Array+Indentifiable.swift in Sources */,
				DF5542502483963500455FE5 /* EmojiMemoryGameView.swift in Sources */,
				DFBEE3EF2495EAC4007348AD /* GridLayout.swift in Sources */,
				DF5542622483B10000455FE5 /* EmojiMemoryGame.swift in Sources */,
			);
			runOnlyForDeploymentPostprocessing = 0;
		};
/* End PBXSourcesBuildPhase section */

/* Begin PBXVariantGroup section */
		DF5542562483963600455FE5 /* LaunchScreen.storyboard */ = {
			isa = PBXVariantGroup;
			children = (
				DF5542572483963600455FE5 /* Base */,
			);
			name = LaunchScreen.storyboard;
			sourceTree = "<group>";
		};
/* End PBXVariantGroup section */

/* Begin XCBuildConfiguration section */
		DF55425A2483963600455FE5 /* Debug */ = {
			isa = XCBuildConfiguration;
			buildSettings = {
				ALWAYS_SEARCH_USER_PATHS = NO;
				CLANG_ANALYZER_NONNULL = YES;
				CLANG_ANALYZER_NUMBER_OBJECT_CONVERSION = YES_AGGRESSIVE;
				CLANG_CXX_LANGUAGE_STANDARD = "gnu++14";
				CLANG_CXX_LIBRARY = "libc++";
				CLANG_ENABLE_MODULES = YES;
				CLANG_ENABLE_OBJC_ARC = YES;
				CLANG_ENABLE_OBJC_WEAK = YES;
				CLANG_WARN_BLOCK_CAPTURE_AUTORELEASING = YES;
				CLANG_WARN_BOOL_CONVERSION = YES;
				CLANG_WARN_COMMA = YES;
				CLANG_WARN_CONSTANT_CONVERSION = YES;
				CLANG_WARN_DEPRECATED_OBJC_IMPLEMENTATIONS = YES;
				CLANG_WARN_DIRECT_OBJC_ISA_USAGE = YES_ERROR;
				CLANG_WARN_DOCUMENTATION_COMMENTS = YES;
				CLANG_WARN_EMPTY_BODY = YES;
				CLANG_WARN_ENUM_CONVERSION = YES;
				CLANG_WARN_INFINITE_RECURSION = YES;
				CLANG_WARN_INT_CONVERSION = YES;
				CLANG_WARN_NON_LITERAL_NULL_CONVERSION = YES;
				CLANG_WARN_OBJC_IMPLICIT_RETAIN_SELF = YES;
				CLANG_WARN_OBJC_LITERAL_CONVERSION = YES;
				CLANG_WARN_OBJC_ROOT_CLASS = YES_ERROR;
				CLANG_WARN_RANGE_LOOP_ANALYSIS = YES;
				CLANG_WARN_STRICT_PROTOTYPES = YES;
				CLANG_WARN_SUSPICIOUS_MOVE = YES;
				CLANG_WARN_UNGUARDED_AVAILABILITY = YES_AGGRESSIVE;
				CLANG_WARN_UNREACHABLE_CODE = YES;
				CLANG_WARN__DUPLICATE_METHOD_MATCH = YES;
				COPY_PHASE_STRIP = NO;
				DEBUG_INFORMATION_FORMAT = dwarf;
				ENABLE_STRICT_OBJC_MSGSEND = YES;
				ENABLE_TESTABILITY = YES;
				GCC_C_LANGUAGE_STANDARD = gnu11;
				GCC_DYNAMIC_NO_PIC = NO;
				GCC_NO_COMMON_BLOCKS = YES;
				GCC_OPTIMIZATION_LEVEL = 0;
				GCC_PREPROCESSOR_DEFINITIONS = (
					"DEBUG=1",
					"$(inherited)",
				);
				GCC_WARN_64_TO_32_BIT_CONVERSION = YES;
				GCC_WARN_ABOUT_RETURN_TYPE = YES_ERROR;
				GCC_WARN_UNDECLARED_SELECTOR = YES;
				GCC_WARN_UNINITIALIZED_AUTOS = YES_AGGRESSIVE;
				GCC_WARN_UNUSED_FUNCTION = YES;
				GCC_WARN_UNUSED_VARIABLE = YES;
				IPHONEOS_DEPLOYMENT_TARGET = 13.2;
				MTL_ENABLE_DEBUG_INFO = INCLUDE_SOURCE;
				MTL_FAST_MATH = YES;
				ONLY_ACTIVE_ARCH = YES;
				SDKROOT = iphoneos;
				SWIFT_ACTIVE_COMPILATION_CONDITIONS = DEBUG;
				SWIFT_OPTIMIZATION_LEVEL = "-Onone";
			};
			name = Debug;
		};
		DF55425B2483963600455FE5 /* Release */ = {
			isa = XCBuildConfiguration;
			buildSettings = {
				ALWAYS_SEARCH_USER_PATHS = NO;
				CLANG_ANALYZER_NONNULL = YES;
				CLANG_ANALYZER_NUMBER_OBJECT_CONVERSION = YES_AGGRESSIVE;
				CLANG_CXX_LANGUAGE_STANDARD = "gnu++14";
				CLANG_CXX_LIBRARY = "libc++";
				CLANG_ENABLE_MODULES = YES;
				CLANG_ENABLE_OBJC_ARC = YES;
				CLANG_ENABLE_OBJC_WEAK = YES;
				CLANG_WARN_BLOCK_CAPTURE_AUTORELEASING = YES;
				CLANG_WARN_BOOL_CONVERSION = YES;
				CLANG_WARN_COMMA = YES;
				CLANG_WARN_CONSTANT_CONVERSION = YES;
				CLANG_WARN_DEPRECATED_OBJC_IMPLEMENTATIONS = YES;
				CLANG_WARN_DIRECT_OBJC_ISA_USAGE = YES_ERROR;
				CLANG_WARN_DOCUMENTATION_COMMENTS = YES;
				CLANG_WARN_EMPTY_BODY = YES;
				CLANG_WARN_ENUM_CONVERSION = YES;
				CLANG_WARN_INFINITE_RECURSION = YES;
				CLANG_WARN_INT_CONVERSION = YES;
				CLANG_WARN_NON_LITERAL_NULL_CONVERSION = YES;
				CLANG_WARN_OBJC_IMPLICIT_RETAIN_SELF = YES;
				CLANG_WARN_OBJC_LITERAL_CONVERSION = YES;
				CLANG_WARN_OBJC_ROOT_CLASS = YES_ERROR;
				CLANG_WARN_RANGE_LOOP_ANALYSIS = YES;
				CLANG_WARN_STRICT_PROTOTYPES = YES;
				CLANG_WARN_SUSPICIOUS_MOVE = YES;
				CLANG_WARN_UNGUARDED_AVAILABILITY = YES_AGGRESSIVE;
				CLANG_WARN_UNREACHABLE_CODE = YES;
				CLANG_WARN__DUPLICATE_METHOD_MATCH = YES;
				COPY_PHASE_STRIP = NO;
				DEBUG_INFORMATION_FORMAT = "dwarf-with-dsym";
				ENABLE_NS_ASSERTIONS = NO;
				ENABLE_STRICT_OBJC_MSGSEND = YES;
				GCC_C_LANGUAGE_STANDARD = gnu11;
				GCC_NO_COMMON_BLOCKS = YES;
				GCC_WARN_64_TO_32_BIT_CONVERSION = YES;
				GCC_WARN_ABOUT_RETURN_TYPE = YES_ERROR;
				GCC_WARN_UNDECLARED_SELECTOR = YES;
				GCC_WARN_UNINITIALIZED_AUTOS = YES_AGGRESSIVE;
				GCC_WARN_UNUSED_FUNCTION = YES;
				GCC_WARN_UNUSED_VARIABLE = YES;
				IPHONEOS_DEPLOYMENT_TARGET = 13.2;
				MTL_ENABLE_DEBUG_INFO = NO;
				MTL_FAST_MATH = YES;
				SDKROOT = iphoneos;
				SWIFT_COMPILATION_MODE = wholemodule;
				SWIFT_OPTIMIZATION_LEVEL = "-O";
				VALIDATE_PRODUCT = YES;
			};
			name = Release;
		};
		DF55425D2483963600455FE5 /* Debug */ = {
			isa = XCBuildConfiguration;
			buildSettings = {
				ASSETCATALOG_COMPILER_APPICON_NAME = AppIcon;
				CODE_SIGN_STYLE = Automatic;
				DEVELOPMENT_ASSET_PATHS = "\"Memorize/Preview Content\"";
				DEVELOPMENT_TEAM = 22DBHVKHQ7;
				ENABLE_PREVIEWS = YES;
				INFOPLIST_FILE = Memorize/Info.plist;
				LD_RUNPATH_SEARCH_PATHS = (
					"$(inherited)",
					"@executable_path/Frameworks",
				);
				PRODUCT_BUNDLE_IDENTIFIER = net.htlee.Memorize;
				PRODUCT_NAME = "$(TARGET_NAME)";
				SWIFT_VERSION = 5.0;
				TARGETED_DEVICE_FAMILY = "1,2";
			};
			name = Debug;
		};
		DF55425E2483963600455FE5 /* Release */ = {
			isa = XCBuildConfiguration;
			buildSettings = {
				ASSETCATALOG_COMPILER_APPICON_NAME = AppIcon;
				CODE_SIGN_STYLE = Automatic;
				DEVELOPMENT_ASSET_PATHS = "\"Memorize/Preview Content\"";
				DEVELOPMENT_TEAM = 22DBHVKHQ7;
				ENABLE_PREVIEWS = YES;
				INFOPLIST_FILE = Memorize/Info.plist;
				LD_RUNPATH_SEARCH_PATHS = (
					"$(inherited)",
					"@executable_path/Frameworks",
				);
				PRODUCT_BUNDLE_IDENTIFIER = net.htlee.Memorize;
				PRODUCT_NAME = "$(TARGET_NAME)";
				SWIFT_VERSION = 5.0;
				TARGETED_DEVICE_FAMILY = "1,2";
			};
			name = Release;
		};
/* End XCBuildConfiguration section */

/* Begin XCConfigurationList section */
		DF5542432483963400455FE5 /* Build configuration list for PBXProject "Memorize" */ = {
			isa = XCConfigurationList;
			buildConfigurations = (
				DF55425A2483963600455FE5 /* Debug */,
				DF55425B2483963600455FE5 /* Release */,
			);
			defaultConfigurationIsVisible = 0;
			defaultConfigurationName = Release;
		};
		DF55425C2483963600455FE5 /* Build configuration list for PBXNativeTarget "Memorize" */ = {
			isa = XCConfigurationList;
			buildConfigurations = (
				DF55425D2483963600455FE5 /* Debug */,
				DF55425E2483963600455FE5 /* Release */,
			);
			defaultConfigurationIsVisible = 0;
			defaultConfigurationName = Release;
		};
/* End XCConfigurationList section */
	};
	rootObject = DF5542402483963400455FE5 /* Project object */;
}
